
Microsoft Visual Studio Solution File, Format Version 12.00
# Visual Studio Version 17
VisualStudioVersion = 17.13.35825.156
MinimumVisualStudioVersion = 10.0.40219.1
Project("{FAE04EC0-301F-11D3-BF4B-00C04F79EFBC}") = "ToyStore-API", "ToyStore-API.csproj", "{FBE91E0C-A088-4821-B2B1-91723512A31A}"
EndProject
Global
	GlobalSection(SolutionConfigurationPlatforms) = preSolution
		Debug|Any CPU = Debug|Any CPU
		Release|Any CPU = Release|Any CPU
	EndGlobalSection
	GlobalSection(ProjectConfigurationPlatforms) = postSolution
		{FBE91E0C-A088-4821-B2B1-91723512A31A}.Debug|Any CPU.ActiveCfg = Debug|Any CPU
		{FBE91E0C-A088-4821-B2B1-91723512A31A}.Debug|Any CPU.Build.0 = Debug|Any CPU
		{FBE91E0C-A088-4821-B2B1-91723512A31A}.Release|Any CPU.ActiveCfg = Release|Any CPU
		{FBE91E0C-A088-4821-B2B1-91723512A31A}.Release|Any CPU.Build.0 = Release|Any CPU
	EndGlobalSection
	GlobalSection(SolutionProperties) = preSolution
		HideSolutionNode = FALSE
	EndGlobalSection
	GlobalSection(ExtensibilityGlobals) = postSolution
		SolutionGuid = {49E49BB7-582F-471A-96EA-A3DB48606CC5}
	EndGlobalSection
EndGlobal
